
Microsoft Visual Studio Solution File, Format Version 12.00
# Visual Studio 15
VisualStudioVersion = 15.0.28307.1267
MinimumVisualStudioVersion = 10.0.40219.1
Project("{FAE04EC0-301F-11D3-BF4B-00C04F79EFBC}") = "ClientReservasi-026", "ClientReservasi-026\ClientReservasi-026.csproj", "{FFB55062-563F-4DEC-92A4-9E61D5F80A40}"
EndProject
Global
	GlobalSection(SolutionConfigurationPlatforms) = preSolution
		Debug|Any CPU = Debug|Any CPU
		Release|Any CPU = Release|Any CPU
	EndGlobalSection
	GlobalSection(ProjectConfigurationPlatforms) = postSolution
		{FFB55062-563F-4DEC-92A4-9E61D5F80A40}.Debug|Any CPU.ActiveCfg = Debug|Any CPU
		{FFB55062-563F-4DEC-92A4-9E61D5F80A40}.Debug|Any CPU.Build.0 = Debug|Any CPU
		{FFB55062-563F-4DEC-92A4-9E61D5F80A40}.Release|Any CPU.ActiveCfg = Release|Any CPU
		{FFB55062-563F-4DEC-92A4-9E61D5F80A40}.Release|Any CPU.Build.0 = Release|Any CPU
	EndGlobalSection
	GlobalSection(SolutionProperties) = preSolution
		HideSolutionNode = FALSE
	EndGlobalSection
	GlobalSection(ExtensibilityGlobals) = postSolution
		SolutionGuid = {AB80D817-7A1C-43FE-B120-4E8F0DACF27F}
	EndGlobalSection
EndGlobal
